
Microsoft Visual Studio Solution File, Format Version 12.00
# Visual Studio Version 17
VisualStudioVersion = 17.2.32630.192
MinimumVisualStudioVersion = 10.0.40219.1
Project("{FAE04EC0-301F-11D3-BF4B-00C04F79EFBC}") = "Maplelolita.MiniHttpServer", "Maplelolita.MiniHttpServer\Maplelolita.MiniHttpServer.csproj", "{1F405ABE-A10F-4037-8BCC-B6B12D283906}"
EndProject
Global
	GlobalSection(SolutionConfigurationPlatforms) = preSolution
		Debug|Any CPU = Debug|Any CPU
		Release|Any CPU = Release|Any CPU
	EndGlobalSection
	GlobalSection(ProjectConfigurationPlatforms) = postSolution
		{1F405ABE-A10F-4037-8BCC-B6B12D283906}.Debug|Any CPU.ActiveCfg = Debug|Any CPU
		{1F405ABE-A10F-4037-8BCC-B6B12D283906}.Debug|Any CPU.Build.0 = Debug|Any CPU
		{1F405ABE-A10F-4037-8BCC-B6B12D283906}.Release|Any CPU.ActiveCfg = Release|Any CPU
		{1F405ABE-A10F-4037-8BCC-B6B12D283906}.Release|Any CPU.Build.0 = Release|Any CPU
	EndGlobalSection
	GlobalSection(SolutionProperties) = preSolution
		HideSolutionNode = FALSE
	EndGlobalSection
	GlobalSection(ExtensibilityGlobals) = postSolution
		SolutionGuid = {D20EBB6E-FC4D-4768-BAD0-7A1F2A1EBB9B}
	EndGlobalSection
EndGlobal
